
Microsoft Visual Studio Solution File, Format Version 12.00
# Visual Studio Version 17
VisualStudioVersion = 17.8.34330.188
MinimumVisualStudioVersion = 10.0.40219.1
Project("{FAE04EC0-301F-11D3-BF4B-00C04F79EFBC}") = "Dotnet8-DockerProfile", "Dotnet8-DockerProfile\Dotnet8-DockerProfile.csproj", "{FDD66AE7-1B99-4952-B2DD-D385CEA43D41}"
EndProject
Global
	GlobalSection(SolutionConfigurationPlatforms) = preSolution
		Debug|Any CPU = Debug|Any CPU
		Release|Any CPU = Release|Any CPU
	EndGlobalSection
	GlobalSection(ProjectConfigurationPlatforms) = postSolution
		{FDD66AE7-1B99-4952-B2DD-D385CEA43D41}.Debug|Any CPU.ActiveCfg = Debug|Any CPU
		{FDD66AE7-1B99-4952-B2DD-D385CEA43D41}.Debug|Any CPU.Build.0 = Debug|Any CPU
		{FDD66AE7-1B99-4952-B2DD-D385CEA43D41}.Release|Any CPU.ActiveCfg = Release|Any CPU
		{FDD66AE7-1B99-4952-B2DD-D385CEA43D41}.Release|Any CPU.Build.0 = Release|Any CPU
	EndGlobalSection
	GlobalSection(SolutionProperties) = preSolution
		HideSolutionNode = FALSE
	EndGlobalSection
	GlobalSection(ExtensibilityGlobals) = postSolution
		SolutionGuid = {B941A7FB-9493-49CA-B4BC-337C411D4252}
	EndGlobalSection
EndGlobal
